<?xml version="1.0" encoding="utf-8"?>
<Project ToolsVersion="4.0" xmlns="http://schemas.microsoft.com/developer/msbuild/2003">
  <ItemGroup>
    <Filter Include="Source Files">
      <UniqueIdentifier>{4FC737F1-C7A5-4376-A066-2A32D752A2FF}</UniqueIdentifier>
      <Extensions>cpp;c;cc;cxx;c++;cppm;ixx;def;odl;idl;hpj;bat;asm;asmx</Extensions>
    </Filter>
    <Filter Include="Header Files">
      <UniqueIdentifier>{93995380-89BD-4b04-88EB-625FBE52EBFB}</UniqueIdentifier>
      <Extensions>h;hh;hpp;hxx;h++;hm;inl;inc;ipp;xsd</Extensions>
    </Filter>
    <Filter Include="Resource Files">
      <UniqueIdentifier>{67DA6AB6-F800-4c08-8B7A-83BB121AAD01}</UniqueIdentifier>
      <Extensions>rc;ico;cur;bmp;dlg;rc2;rct;bin;rgs;gif;jpg;jpeg;jpe;resx;tiff;tif;png;wav;mfcribbon-ms</Extensions>
    </Filter>
    <Filter Include="Resource Files\Shaders">
      <UniqueIdentifier>{75937cd5-30cb-4c41-9671-4e384eab5be2}</UniqueIdentifier>
    </Filter>
    <Filter Include="Resource Files\Materials">
      <UniqueIdentifier>{2e7aecf9-b0c2-42bf-ab31-517f457f086a}</UniqueIdentifier>
    </Filter>
    <Filter Include="Resource Files\Textures">
      <UniqueIdentifier>{221ce7e7-0762-4d1f-8fb9-2f7ad15fe15e}</UniqueIdentifier>
    </Filter>
    <Filter Include="Resource Files\Scenes">
      <UniqueIdentifier>{daa2ab6c-3953-4a97-83e4-17c87b10bf11}</UniqueIdentifier>
    </Filter>
  </ItemGroup>
  <ItemGroup>
    <ClCompile Include="Source Files\Main.cpp">
      <Filter>Source Files</Filter>
    </ClCompile>
    <ClCompile Include="..\ThirdParty\glad\src\glad.c">
      <Filter>Source Files</Filter>
    </ClCompile>
  </ItemGroup>
  <ItemGroup>
    <None Include="..\Build\resources\shaders\basic.frag">
      <Filter>Resource Files\Shaders</Filter>
    </None>
    <None Include="..\Build\resources\shaders\basic.vert">
      <Filter>Resource Files\Shaders</Filter>
    </None>
    <None Include="..\Build\resources\shaders\flat.frag">
      <Filter>Resource Files\Shaders</Filter>
    </None>
    <None Include="..\Build\resources\shaders\flat.shdr">
      <Filter>Resource Files\Shaders</Filter>
    </None>
    <None Include="..\Build\resources\shaders\flat.vert">
      <Filter>Resource Files\Shaders</Filter>
    </None>
    <None Include="..\Build\resources\shaders\gouraud.frag">
      <Filter>Resource Files\Shaders</Filter>
    </None>
    <None Include="..\Build\resources\shaders\gouraud.shdr">
      <Filter>Resource Files\Shaders</Filter>
    </None>
    <None Include="..\Build\resources\shaders\gouraud.vert">
      <Filter>Resource Files\Shaders</Filter>
    </None>
    <None Include="..\Build\resources\shaders\phong.frag">
      <Filter>Resource Files\Shaders</Filter>
    </None>
    <None Include="..\Build\resources\shaders\phong.shdr">
      <Filter>Resource Files\Shaders</Filter>
    </None>
    <None Include="..\Build\resources\shaders\phong.vert">
      <Filter>Resource Files\Shaders</Filter>
    </None>
    <None Include="..\Build\resources\materials\spot.mtl">
      <Filter>Resource Files\Materials</Filter>
    </None>
    <None Include="..\Build\resources\materials\wood.mtl">
      <Filter>Resource Files\Materials</Filter>
    </None>
    <None Include="..\Build\resources\scenes\main.scn">
      <Filter>Resource Files\Scenes</Filter>
    </None>
    <None Include="..\Build\resources\shaders\phong_normal.shdr">
      <Filter>Resource Files\Shaders</Filter>
    </None>
    <None Include="..\Build\resources\shaders\phong_normal.vert">
      <Filter>Resource Files\Shaders</Filter>
    </None>
    <None Include="..\Build\resources\shaders\phong_normal.frag">
      <Filter>Resource Files\Shaders</Filter>
    </None>
    <None Include="..\Build\resources\materials\bricks.mtl">
      <Filter>Resource Files\Materials</Filter>
    </None>
    <None Include="..\Build\resources\shaders\effects.frag">
      <Filter>Resource Files\Shaders</Filter>
    </None>
    <None Include="..\Build\resources\shaders\effects.shdr">
      <Filter>Resource Files\Shaders</Filter>
    </None>
    <None Include="..\Build\resources\shaders\effects.vert">
      <Filter>Resource Files\Shaders</Filter>
    </None>
    <None Include="..\Build\resources\materials\ogre.mtl">
      <Filter>Resource Files\Materials</Filter>
    </None>
    <None Include="..\Build\resources\materials\plant.mtl">
      <Filter>Resource Files\Materials</Filter>
    </None>
    <None Include="..\Build\resources\materials\aircraft.mtl">
      <Filter>Resource Files\Materials</Filter>
    </None>
    <None Include="..\Build\resources\materials\chair.mtl">
      <Filter>Resource Files\Materials</Filter>
    </None>
    <None Include="..\Build\resources\materials\earth.mtl">
      <Filter>Resource Files\Materials</Filter>
    </None>
    <None Include="..\Build\resources\materials\car.mtl">
      <Filter>Resource Files\Materials</Filter>
    </None>
    <None Include="..\Build\resources\materials\boat.mtl">
      <Filter>Resource Files\Materials</Filter>
    </None>
  </ItemGroup>
  <ItemGroup>
    <Image Include="..\Build\resources\textures\llama.jpg">
      <Filter>Resource Files\Textures</Filter>
    </Image>
    <Image Include="..\Build\resources\textures\ogre_diffuse.bmp">
      <Filter>Resource Files\Textures</Filter>
    </Image>
    <Image Include="..\Build\resources\textures\rocks.bmp">
      <Filter>Resource Files\Textures</Filter>
    </Image>
    <Image Include="..\Build\resources\textures\spot.png">
      <Filter>Resource Files\Textures</Filter>
    </Image>
    <Image Include="..\Build\resources\textures\wood.png">
      <Filter>Resource Files\Textures</Filter>
    </Image>
    <Image Include="..\Build\resources\textures\plantCOL.jpg">
      <Filter>Resource Files\Textures</Filter>
    </Image>
    <Image Include="..\Build\resources\textures\plantNOR.jpg">
      <Filter>Resource Files\Textures</Filter>
    </Image>
    <Image Include="..\Build\resources\textures\ogre_normal.bmp">
      <Filter>Resource Files\Textures</Filter>
    </Image>
  </ItemGroup>
</Project>